
Microsoft Visual Studio Solution File, Format Version 12.00
# Visual Studio Version 17
VisualStudioVersion = 17.14.36310.24 d17.14
MinimumVisualStudioVersion = 10.0.40219.1
Project("{FAE04EC0-301F-11D3-BF4B-00C04F79EFBC}") = "ColoredLights_Port", "ColoredLights_Port.csproj", "{2A46E145-92ED-4B6A-90EF-C5D41B4A01DF}"
EndProject
Global
	GlobalSection(SolutionConfigurationPlatforms) = preSolution
		Debug|Any CPU = Debug|Any CPU
		Release|Any CPU = Release|Any CPU
	EndGlobalSection
	GlobalSection(ProjectConfigurationPlatforms) = postSolution
		{2A46E145-92ED-4B6A-90EF-C5D41B4A01DF}.Debug|Any CPU.ActiveCfg = Debug|Any CPU
		{2A46E145-92ED-4B6A-90EF-C5D41B4A01DF}.Debug|Any CPU.Build.0 = Debug|Any CPU
		{2A46E145-92ED-4B6A-90EF-C5D41B4A01DF}.Release|Any CPU.ActiveCfg = Release|Any CPU
		{2A46E145-92ED-4B6A-90EF-C5D41B4A01DF}.Release|Any CPU.Build.0 = Release|Any CPU
	EndGlobalSection
	GlobalSection(SolutionProperties) = preSolution
		HideSolutionNode = FALSE
	EndGlobalSection
	GlobalSection(ExtensibilityGlobals) = postSolution
		SolutionGuid = {71BD8AF4-1222-413C-B12A-21E9C7AE815C}
	EndGlobalSection
EndGlobal
